// !$*UTF8*$!
{
	archiveVersion = 1;
	classes = {
	};
	objectVersion = 56;
	objects = {

/* Begin PBXBuildFile section */
		075BC2C9A042D6A5A74ADE53 /* Foundation.framework in Frameworks */ = {isa = PBXBuildFile; fileRef = 42F75E1C0CA857E8182EA87D /* Foundation.framework */; };
		090D78AB659C19289EE49415 /* WhisperKitServiceTests.swift in Sources */ = {isa = PBXBuildFile; fileRef = 1244BDDC17779F97A2EF4A11 /* WhisperKitServiceTests.swift */; };
		16434A020173C05A4119FA8D /* SummarizeSettingsTests.swift in Sources */ = {isa = PBXBuildFile; fileRef = 511BC2642ACBF24741B5D6BF /* SummarizeSettingsTests.swift */; };
		611A8DCE398675FA07A0131A /* Theme.swift in Sources */ = {isa = PBXBuildFile; fileRef = A8DAEE71E8924F07B57DEB80 /* Theme.swift */; };
		7158A907A5FC78E7469D623A /* HapticServiceTests.swift in Sources */ = {isa = PBXBuildFile; fileRef = A84C0C8F738514260F4FF13B /* HapticServiceTests.swift */; };
		75FB3A37B0EE2579AB9BDF5D /* ElevenLabsServiceTests.swift in Sources */ = {isa = PBXBuildFile; fileRef = 97CAE18C001A2E488FA5C1D7 /* ElevenLabsServiceTests.swift */; };
		96A6CE3BBAAAC732C3131D34 /* AudioPlayerTests.swift in Sources */ = {isa = PBXBuildFile; fileRef = 09C493677FAA8604392D6E9D /* AudioPlayerTests.swift */; };
		A10001 /* VoiceFlowApp.swift in Sources */ = {isa = PBXBuildFile; fileRef = B10001 /* VoiceFlowApp.swift */; };
		A10002 /* ContentView.swift in Sources */ = {isa = PBXBuildFile; fileRef = B10002 /* ContentView.swift */; };
		A10003 /* Config.swift in Sources */ = {isa = PBXBuildFile; fileRef = B10003 /* Config.swift */; };
		A10004 /* OpenAIService.swift in Sources */ = {isa = PBXBuildFile; fileRef = B10004 /* OpenAIService.swift */; };
		A10005 /* AudioRecorder.swift in Sources */ = {isa = PBXBuildFile; fileRef = B10005 /* AudioRecorder.swift */; };
		A10006 /* AudioPlayer.swift in Sources */ = {isa = PBXBuildFile; fileRef = B10006 /* AudioPlayer.swift */; };
		A10007 /* TranscribeView.swift in Sources */ = {isa = PBXBuildFile; fileRef = B10007 /* TranscribeView.swift */; };
		A10008 /* SpeakView.swift in Sources */ = {isa = PBXBuildFile; fileRef = B10008 /* SpeakView.swift */; };
		A10009 /* SummarizeView.swift in Sources */ = {isa = PBXBuildFile; fileRef = B10009 /* SummarizeView.swift */; };
		A10010 /* Assets.xcassets in Resources */ = {isa = PBXBuildFile; fileRef = B10010 /* Assets.xcassets */; };
		A10011 /* TranscriptionRecord.swift in Sources */ = {isa = PBXBuildFile; fileRef = B10011 /* TranscriptionRecord.swift */; };
		A10012 /* TTSRecord.swift in Sources */ = {isa = PBXBuildFile; fileRef = B10012 /* TTSRecord.swift */; };
		A10013 /* SummaryRecord.swift in Sources */ = {isa = PBXBuildFile; fileRef = B10013 /* SummaryRecord.swift */; };
		A10014 /* KeychainService.swift in Sources */ = {isa = PBXBuildFile; fileRef = B10014 /* KeychainService.swift */; };
		A10015 /* ServiceProvider.swift in Sources */ = {isa = PBXBuildFile; fileRef = B10015 /* ServiceProvider.swift */; };
		A10016 /* SettingsView.swift in Sources */ = {isa = PBXBuildFile; fileRef = B10016 /* SettingsView.swift */; };
		A10017 /* BrandConfiguration.swift in Sources */ = {isa = PBXBuildFile; fileRef = B10017 /* BrandConfiguration.swift */; };
		A10018 /* SharedDataHandler.swift in Sources */ = {isa = PBXBuildFile; fileRef = B10018 /* SharedDataHandler.swift */; };
		A10019 /* HapticService.swift in Sources */ = {isa = PBXBuildFile; fileRef = B10019 /* HapticService.swift */; };
		A10020 /* ElevenLabsService.swift in Sources */ = {isa = PBXBuildFile; fileRef = B10020 /* ElevenLabsService.swift */; };
		A10021 /* WhisperKitService.swift in Sources */ = {isa = PBXBuildFile; fileRef = B10021 /* WhisperKitService.swift */; };
		A10022 /* SummarizeSettings.swift in Sources */ = {isa = PBXBuildFile; fileRef = B10022 /* SummarizeSettings.swift */; };
		A10023 /* ToastView.swift in Sources */ = {isa = PBXBuildFile; fileRef = B10023 /* ToastView.swift */; };
		A20001 /* KeyboardViewController.swift in Sources */ = {isa = PBXBuildFile; fileRef = B20001 /* KeyboardViewController.swift */; };
		A20002 /* KeychainService.swift in Sources */ = {isa = PBXBuildFile; fileRef = B10014 /* KeychainService.swift */; };
		A20003 /* Config.swift in Sources */ = {isa = PBXBuildFile; fileRef = B10003 /* Config.swift */; };
		A20010 /* VoiceFlowKeyboard.appex in Embed App Extensions */ = {isa = PBXBuildFile; fileRef = P20001 /* VoiceFlowKeyboard.appex */; settings = {ATTRIBUTES = (RemoveHeadersOnCopy, ); }; };
		C90823A1D8C895FF8139FA99 /* ProviderSelectionTests.swift in Sources */ = {isa = PBXBuildFile; fileRef = 4301895128CD195835C4DA23 /* ProviderSelectionTests.swift */; };
		CDEAA6816C6EF65667D25B42 /* SharedDataHandlerTests.swift in Sources */ = {isa = PBXBuildFile; fileRef = 6BEC83E9D6C19F9CF4790A2A /* SharedDataHandlerTests.swift */; };
		D7A2E3AADC50C896F1997695 /* STTSettingsTests.swift in Sources */ = {isa = PBXBuildFile; fileRef = DF4A9E3B5A72CBC4BB12EC6B /* STTSettingsTests.swift */; };
		UI0001 /* VoiceFlowUITests.swift in Sources */ = {isa = PBXBuildFile; fileRef = UI0002 /* VoiceFlowUITests.swift */; };
		A10030 /* APIKeyHelper.swift in Sources */ = {isa = PBXBuildFile; fileRef = B10030 /* APIKeyHelper.swift */; };
		A10031 /* PremiumButton.swift in Sources */ = {isa = PBXBuildFile; fileRef = B10031 /* PremiumButton.swift */; };
		A10032 /* SectionHeader.swift in Sources */ = {isa = PBXBuildFile; fileRef = B10032 /* SectionHeader.swift */; };
		A10033 /* EmptyStateView.swift in Sources */ = {isa = PBXBuildFile; fileRef = B10033 /* EmptyStateView.swift */; };
		A10034 /* RecordingIndicator.swift in Sources */ = {isa = PBXBuildFile; fileRef = B10034 /* RecordingIndicator.swift */; };
		A10035 /* AudioPlaybackBar.swift in Sources */ = {isa = PBXBuildFile; fileRef = B10035 /* AudioPlaybackBar.swift */; };
		A20030 /* APIKeyHelper.swift in Sources */ = {isa = PBXBuildFile; fileRef = B10030 /* APIKeyHelper.swift */; };
/* End PBXBuildFile section */

/* Begin PBXContainerItemProxy section */
		2F9106E0073E1585B1F17E32 /* PBXContainerItemProxy */ = {
			isa = PBXContainerItemProxy;
			containerPortal = PR1001 /* Project object */;
			proxyType = 1;
			remoteGlobalIDString = T10001;
			remoteInfo = VoiceFlow;
		};
		CIP2001 /* PBXContainerItemProxy */ = {
			isa = PBXContainerItemProxy;
			containerPortal = PR1001 /* Project object */;
			proxyType = 1;
			remoteGlobalIDString = T20001;
			remoteInfo = VoiceFlowKeyboard;
		};
		CIPUI01 /* PBXContainerItemProxy */ = {
			isa = PBXContainerItemProxy;
			containerPortal = PR1001 /* Project object */;
			proxyType = 1;
			remoteGlobalIDString = T10001;
			remoteInfo = VoiceFlow;
		};
/* End PBXContainerItemProxy section */

/* Begin PBXCopyFilesBuildPhase section */
		CP2001 /* Embed App Extensions */ = {
			isa = PBXCopyFilesBuildPhase;
			buildActionMask = 2147483647;
			dstPath = "";
			dstSubfolderSpec = 13;
			files = (
				A20010 /* VoiceFlowKeyboard.appex in Embed App Extensions */,
			);
			name = "Embed App Extensions";
			runOnlyForDeploymentPostprocessing = 0;
		};
/* End PBXCopyFilesBuildPhase section */

/* Begin PBXFileReference section */
		09C493677FAA8604392D6E9D /* AudioPlayerTests.swift */ = {isa = PBXFileReference; includeInIndex = 1; lastKnownFileType = sourcecode.swift; path = AudioPlayerTests.swift; sourceTree = "<group>"; };
		1244BDDC17779F97A2EF4A11 /* WhisperKitServiceTests.swift */ = {isa = PBXFileReference; includeInIndex = 1; lastKnownFileType = sourcecode.swift; path = WhisperKitServiceTests.swift; sourceTree = "<group>"; };
		42F75E1C0CA857E8182EA87D /* Foundation.framework */ = {isa = PBXFileReference; lastKnownFileType = wrapper.framework; name = Foundation.framework; path = Platforms/iPhoneOS.platform/Developer/SDKs/iPhoneOS18.0.sdk/System/Library/Frameworks/Foundation.framework; sourceTree = DEVELOPER_DIR; };
		4301895128CD195835C4DA23 /* ProviderSelectionTests.swift */ = {isa = PBXFileReference; includeInIndex = 1; lastKnownFileType = sourcecode.swift; path = ProviderSelectionTests.swift; sourceTree = "<group>"; };
		511BC2642ACBF24741B5D6BF /* SummarizeSettingsTests.swift */ = {isa = PBXFileReference; includeInIndex = 1; lastKnownFileType = sourcecode.swift; path = SummarizeSettingsTests.swift; sourceTree = "<group>"; };
		665F6E1DAEAE1E1E675953AB /* VoiceFlowTests.xctest */ = {isa = PBXFileReference; explicitFileType = wrapper.cfbundle; includeInIndex = 0; path = VoiceFlowTests.xctest; sourceTree = BUILT_PRODUCTS_DIR; };
		6BEC83E9D6C19F9CF4790A2A /* SharedDataHandlerTests.swift */ = {isa = PBXFileReference; includeInIndex = 1; lastKnownFileType = sourcecode.swift; path = SharedDataHandlerTests.swift; sourceTree = "<group>"; };
		97CAE18C001A2E488FA5C1D7 /* ElevenLabsServiceTests.swift */ = {isa = PBXFileReference; includeInIndex = 1; lastKnownFileType = sourcecode.swift; path = ElevenLabsServiceTests.swift; sourceTree = "<group>"; };
		A84C0C8F738514260F4FF13B /* HapticServiceTests.swift */ = {isa = PBXFileReference; includeInIndex = 1; lastKnownFileType = sourcecode.swift; path = HapticServiceTests.swift; sourceTree = "<group>"; };
		A8DAEE71E8924F07B57DEB80 /* Theme.swift */ = {isa = PBXFileReference; lastKnownFileType = sourcecode.swift; path = Theme.swift; sourceTree = "<group>"; };
		B10001 /* VoiceFlowApp.swift */ = {isa = PBXFileReference; lastKnownFileType = sourcecode.swift; path = VoiceFlowApp.swift; sourceTree = "<group>"; };
		B10002 /* ContentView.swift */ = {isa = PBXFileReference; lastKnownFileType = sourcecode.swift; path = ContentView.swift; sourceTree = "<group>"; };
		B10003 /* Config.swift */ = {isa = PBXFileReference; lastKnownFileType = sourcecode.swift; path = Config.swift; sourceTree = "<group>"; };
		B10004 /* OpenAIService.swift */ = {isa = PBXFileReference; lastKnownFileType = sourcecode.swift; path = OpenAIService.swift; sourceTree = "<group>"; };
		B10005 /* AudioRecorder.swift */ = {isa = PBXFileReference; lastKnownFileType = sourcecode.swift; path = AudioRecorder.swift; sourceTree = "<group>"; };
		B10006 /* AudioPlayer.swift */ = {isa = PBXFileReference; lastKnownFileType = sourcecode.swift; path = AudioPlayer.swift; sourceTree = "<group>"; };
		B10007 /* TranscribeView.swift */ = {isa = PBXFileReference; lastKnownFileType = sourcecode.swift; path = TranscribeView.swift; sourceTree = "<group>"; };
		B10008 /* SpeakView.swift */ = {isa = PBXFileReference; lastKnownFileType = sourcecode.swift; path = SpeakView.swift; sourceTree = "<group>"; };
		B10009 /* SummarizeView.swift */ = {isa = PBXFileReference; lastKnownFileType = sourcecode.swift; path = SummarizeView.swift; sourceTree = "<group>"; };
		B10010 /* Assets.xcassets */ = {isa = PBXFileReference; lastKnownFileType = folder.assetcatalog; path = Assets.xcassets; sourceTree = "<group>"; };
		B10011 /* TranscriptionRecord.swift */ = {isa = PBXFileReference; lastKnownFileType = sourcecode.swift; path = TranscriptionRecord.swift; sourceTree = "<group>"; };
		B10012 /* TTSRecord.swift */ = {isa = PBXFileReference; lastKnownFileType = sourcecode.swift; path = TTSRecord.swift; sourceTree = "<group>"; };
		B10013 /* SummaryRecord.swift */ = {isa = PBXFileReference; lastKnownFileType = sourcecode.swift; path = SummaryRecord.swift; sourceTree = "<group>"; };
		B10014 /* KeychainService.swift */ = {isa = PBXFileReference; lastKnownFileType = sourcecode.swift; path = KeychainService.swift; sourceTree = "<group>"; };
		B10015 /* ServiceProvider.swift */ = {isa = PBXFileReference; lastKnownFileType = sourcecode.swift; path = ServiceProvider.swift; sourceTree = "<group>"; };
		B10016 /* SettingsView.swift */ = {isa = PBXFileReference; lastKnownFileType = sourcecode.swift; path = SettingsView.swift; sourceTree = "<group>"; };
		B10017 /* BrandConfiguration.swift */ = {isa = PBXFileReference; lastKnownFileType = sourcecode.swift; path = BrandConfiguration.swift; sourceTree = "<group>"; };
		B10018 /* SharedDataHandler.swift */ = {isa = PBXFileReference; lastKnownFileType = sourcecode.swift; path = SharedDataHandler.swift; sourceTree = "<group>"; };
		B10019 /* HapticService.swift */ = {isa = PBXFileReference; lastKnownFileType = sourcecode.swift; path = HapticService.swift; sourceTree = "<group>"; };
		B10020 /* ElevenLabsService.swift */ = {isa = PBXFileReference; lastKnownFileType = sourcecode.swift; path = ElevenLabsService.swift; sourceTree = "<group>"; };
		B10021 /* WhisperKitService.swift */ = {isa = PBXFileReference; lastKnownFileType = sourcecode.swift; path = WhisperKitService.swift; sourceTree = "<group>"; };
		B10022 /* SummarizeSettings.swift */ = {isa = PBXFileReference; lastKnownFileType = sourcecode.swift; path = SummarizeSettings.swift; sourceTree = "<group>"; };
		B10023 /* ToastView.swift */ = {isa = PBXFileReference; lastKnownFileType = sourcecode.swift; path = ToastView.swift; sourceTree = "<group>"; };
		B10024 /* Info.plist */ = {isa = PBXFileReference; lastKnownFileType = text.plist.xml; path = Info.plist; sourceTree = "<group>"; };
		B10ENT /* VoiceFlow.entitlements */ = {isa = PBXFileReference; lastKnownFileType = text.plist.entitlements; path = VoiceFlow.entitlements; sourceTree = "<group>"; };
		B20001 /* KeyboardViewController.swift */ = {isa = PBXFileReference; lastKnownFileType = sourcecode.swift; path = KeyboardViewController.swift; sourceTree = "<group>"; };
		B20002 /* Info.plist */ = {isa = PBXFileReference; lastKnownFileType = text.plist.xml; path = Info.plist; sourceTree = "<group>"; };
		B20ENT /* VoiceFlowKeyboard.entitlements */ = {isa = PBXFileReference; lastKnownFileType = text.plist.entitlements; path = VoiceFlowKeyboard.entitlements; sourceTree = "<group>"; };
		B30001 /* AudioPlayerTests.swift */ = {isa = PBXFileReference; lastKnownFileType = sourcecode.swift; path = AudioPlayerTests.swift; sourceTree = "<group>"; };
		DF4A9E3B5A72CBC4BB12EC6B /* STTSettingsTests.swift */ = {isa = PBXFileReference; includeInIndex = 1; lastKnownFileType = sourcecode.swift; path = STTSettingsTests.swift; sourceTree = "<group>"; };
		UI0002 /* VoiceFlowUITests.swift */ = {isa = PBXFileReference; lastKnownFileType = sourcecode.swift; path = VoiceFlowUITests.swift; sourceTree = "<group>"; };
		B10030 /* APIKeyHelper.swift */ = {isa = PBXFileReference; lastKnownFileType = sourcecode.swift; path = APIKeyHelper.swift; sourceTree = "<group>"; };
		B10031 /* PremiumButton.swift */ = {isa = PBXFileReference; lastKnownFileType = sourcecode.swift; path = PremiumButton.swift; sourceTree = "<group>"; };
		B10032 /* SectionHeader.swift */ = {isa = PBXFileReference; lastKnownFileType = sourcecode.swift; path = SectionHeader.swift; sourceTree = "<group>"; };
		B10033 /* EmptyStateView.swift */ = {isa = PBXFileReference; lastKnownFileType = sourcecode.swift; path = EmptyStateView.swift; sourceTree = "<group>"; };
		B10034 /* RecordingIndicator.swift */ = {isa = PBXFileReference; lastKnownFileType = sourcecode.swift; path = RecordingIndicator.swift; sourceTree = "<group>"; };
		B10035 /* AudioPlaybackBar.swift */ = {isa = PBXFileReference; lastKnownFileType = sourcecode.swift; path = AudioPlaybackBar.swift; sourceTree = "<group>"; };
		PUIREF /* VoiceFlowUITests.xctest */ = {isa = PBXFileReference; explicitFileType = wrapper.cfbundle; includeInIndex = 0; path = VoiceFlowUITests.xctest; sourceTree = BUILT_PRODUCTS_DIR; };
		P10001 /* VoiceFlow.app */ = {isa = PBXFileReference; explicitFileType = wrapper.application; includeInIndex = 0; path = VoiceFlow.app; sourceTree = BUILT_PRODUCTS_DIR; };
		P20001 /* VoiceFlowKeyboard.appex */ = {isa = PBXFileReference; explicitFileType = "wrapper.app-extension"; includeInIndex = 0; path = VoiceFlowKeyboard.appex; sourceTree = BUILT_PRODUCTS_DIR; };
		XCC001 /* Debug.xcconfig */ = {isa = PBXFileReference; lastKnownFileType = text.xcconfig; path = Debug.xcconfig; sourceTree = "<group>"; };
		XCC002 /* Release.xcconfig */ = {isa = PBXFileReference; lastKnownFileType = text.xcconfig; path = Release.xcconfig; sourceTree = "<group>"; };
/* End PBXFileReference section */

/* Begin PBXFrameworksBuildPhase section */
		ED2BB87757914BB908242097 /* Frameworks */ = {
			isa = PBXFrameworksBuildPhase;
			buildActionMask = 2147483647;
			files = (
				075BC2C9A042D6A5A74ADE53 /* Foundation.framework in Frameworks */,
			);
			runOnlyForDeploymentPostprocessing = 0;
		};
		F10001 /* Frameworks */ = {
			isa = PBXFrameworksBuildPhase;
			buildActionMask = 2147483647;
			files = (
			);
			runOnlyForDeploymentPostprocessing = 0;
		};
		F20001 /* Frameworks */ = {
			isa = PBXFrameworksBuildPhase;
			buildActionMask = 2147483647;
			files = (
			);
			runOnlyForDeploymentPostprocessing = 0;
		};
		FUI001 /* Frameworks */ = {
			isa = PBXFrameworksBuildPhase;
			buildActionMask = 2147483647;
			files = (
			);
			runOnlyForDeploymentPostprocessing = 0;
		};
/* End PBXFrameworksBuildPhase section */

/* Begin PBXGroup section */
		5BCB1239D247448A9C0D5B29 /* VoiceFlowTests */ = {
			isa = PBXGroup;
			children = (
				97CAE18C001A2E488FA5C1D7 /* ElevenLabsServiceTests.swift */,
				DF4A9E3B5A72CBC4BB12EC6B /* STTSettingsTests.swift */,
				6BEC83E9D6C19F9CF4790A2A /* SharedDataHandlerTests.swift */,
				511BC2642ACBF24741B5D6BF /* SummarizeSettingsTests.swift */,
				1244BDDC17779F97A2EF4A11 /* WhisperKitServiceTests.swift */,
				B30001 /* AudioPlayerTests.swift */,
				A84C0C8F738514260F4FF13B /* HapticServiceTests.swift */,
				09C493677FAA8604392D6E9D /* AudioPlayerTests.swift */,
				4301895128CD195835C4DA23 /* ProviderSelectionTests.swift */,
			);
			name = VoiceFlowTests;
			path = VoiceFlowTests;
			sourceTree = "<group>";
		};
		D58501F492767B557B97A45B /* Frameworks */ = {
			isa = PBXGroup;
			children = (
				DD67DE216D1103DFC74FA8A5 /* iOS */,
			);
			name = Frameworks;
			sourceTree = "<group>";
		};
		DD67DE216D1103DFC74FA8A5 /* iOS */ = {
			isa = PBXGroup;
			children = (
				42F75E1C0CA857E8182EA87D /* Foundation.framework */,
			);
			name = iOS;
			sourceTree = "<group>";
		};
		G10001 = {
			isa = PBXGroup;
			children = (
				G10002 /* VoiceFlow */,
				G20001 /* VoiceFlowKeyboard */,
				GCFG01 /* Configurations */,
				G10005 /* Products */,
				D58501F492767B557B97A45B /* Frameworks */,
				5BCB1239D247448A9C0D5B29 /* VoiceFlowTests */,
				GUIGRP /* VoiceFlowUITests */,
			);
			sourceTree = "<group>";
		};
		G10002 /* VoiceFlow */ = {
			isa = PBXGroup;
			children = (
				B10001 /* VoiceFlowApp.swift */,
				B10002 /* ContentView.swift */,
				B10003 /* Config.swift */,
				B10ENT /* VoiceFlow.entitlements */,
				B10024 /* Info.plist */,
				GCORE1 /* Core */,
				GDS001 /* DesignSystem */,
				G10006 /* Models */,
				G10003 /* Services */,
				G10004 /* Views */,
				B10010 /* Assets.xcassets */,
				A8DAEE71E8924F07B57DEB80 /* Theme.swift */,
			);
			path = VoiceFlow;
			sourceTree = "<group>";
		};
		G10003 /* Services */ = {
			isa = PBXGroup;
			children = (
				B10004 /* OpenAIService.swift */,
				B10005 /* AudioRecorder.swift */,
				B10006 /* AudioPlayer.swift */,
				B10014 /* KeychainService.swift */,
				B10015 /* ServiceProvider.swift */,
				B10018 /* SharedDataHandler.swift */,
				B10019 /* HapticService.swift */,
				B10020 /* ElevenLabsService.swift */,
				B10021 /* WhisperKitService.swift */,
				B10030 /* APIKeyHelper.swift */,
			);
			path = Services;
			sourceTree = "<group>";
		};
		GDS001 /* DesignSystem */ = {
			isa = PBXGroup;
			children = (
				B10031 /* PremiumButton.swift */,
				B10032 /* SectionHeader.swift */,
				B10033 /* EmptyStateView.swift */,
				B10034 /* RecordingIndicator.swift */,
				B10035 /* AudioPlaybackBar.swift */,
			);
			path = DesignSystem;
			sourceTree = "<group>";
		};
		G10004 /* Views */ = {
			isa = PBXGroup;
			children = (
				B10007 /* TranscribeView.swift */,
				B10008 /* SpeakView.swift */,
				B10009 /* SummarizeView.swift */,
				B10016 /* SettingsView.swift */,
				B10023 /* ToastView.swift */,
			);
			path = Views;
			sourceTree = "<group>";
		};
		G10005 /* Products */ = {
			isa = PBXGroup;
			children = (
				P10001 /* VoiceFlow.app */,
				P20001 /* VoiceFlowKeyboard.appex */,
				665F6E1DAEAE1E1E675953AB /* VoiceFlowTests.xctest */,
				PUIREF /* VoiceFlowUITests.xctest */,
			);
			name = Products;
			sourceTree = "<group>";
		};
		G10006 /* Models */ = {
			isa = PBXGroup;
			children = (
				B10011 /* TranscriptionRecord.swift */,
				B10012 /* TTSRecord.swift */,
				B10013 /* SummaryRecord.swift */,
				B10022 /* SummarizeSettings.swift */,
			);
			path = Models;
			sourceTree = "<group>";
		};
		G20001 /* VoiceFlowKeyboard */ = {
			isa = PBXGroup;
			children = (
				B20001 /* KeyboardViewController.swift */,
				B20002 /* Info.plist */,
				B20ENT /* VoiceFlowKeyboard.entitlements */,
			);
			path = VoiceFlowKeyboard;
			sourceTree = "<group>";
		};
		GCFG01 /* Configurations */ = {
			isa = PBXGroup;
			children = (
				XCC001 /* Debug.xcconfig */,
				XCC002 /* Release.xcconfig */,
			);
			name = Configurations;
			path = Configurations/Variants/VoiceFlow;
			sourceTree = "<group>";
		};
		GCORE1 /* Core */ = {
			isa = PBXGroup;
			children = (
				B10017 /* BrandConfiguration.swift */,
			);
			path = Core;
			sourceTree = "<group>";
		};
		GUIGRP /* VoiceFlowUITests */ = {
			isa = PBXGroup;
			children = (
				UI0002 /* VoiceFlowUITests.swift */,
			);
			path = VoiceFlowUITests;
			sourceTree = "<group>";
		};
/* End PBXGroup section */

/* Begin PBXNativeTarget section */
		9215CC5051E8B00408ECB108 /* VoiceFlowTests */ = {
			isa = PBXNativeTarget;
			buildConfigurationList = 05237242BD039828B9972D08 /* Build configuration list for PBXNativeTarget "VoiceFlowTests" */;
			buildPhases = (
				5BB06E9403C4197F7BD6315F /* Sources */,
				ED2BB87757914BB908242097 /* Frameworks */,
				2B9C2DEA49CC19DD85FCF5ED /* Resources */,
			);
			buildRules = (
			);
			dependencies = (
				6A85A14DA2E2A87993EF9FE0 /* PBXTargetDependency */,
			);
			name = VoiceFlowTests;
			productName = VoiceFlowTests;
			productReference = 665F6E1DAEAE1E1E675953AB /* VoiceFlowTests.xctest */;
			productType = "com.apple.product-type.bundle.unit-test";
		};
		T10001 /* VoiceFlow */ = {
			isa = PBXNativeTarget;
			buildConfigurationList = C10003 /* Build configuration list for PBXNativeTarget "VoiceFlow" */;
			buildPhases = (
				SP1001 /* Copy Variant Resources */,
				S10001 /* Sources */,
				F10001 /* Frameworks */,
				R10001 /* Resources */,
				CP2001 /* Embed App Extensions */,
			);
			buildRules = (
			);
			dependencies = (
				DEP2001 /* PBXTargetDependency */,
			);
			name = VoiceFlow;
			productName = VoiceFlow;
			productReference = P10001 /* VoiceFlow.app */;
			productType = "com.apple.product-type.application";
		};
		T20001 /* VoiceFlowKeyboard */ = {
			isa = PBXNativeTarget;
			buildConfigurationList = C20003 /* Build configuration list for PBXNativeTarget "VoiceFlowKeyboard" */;
			buildPhases = (
				S20001 /* Sources */,
				F20001 /* Frameworks */,
				R20001 /* Resources */,
			);
			buildRules = (
			);
			dependencies = (
			);
			name = VoiceFlowKeyboard;
			productName = VoiceFlowKeyboard;
			productReference = P20001 /* VoiceFlowKeyboard.appex */;
			productType = "com.apple.product-type.app-extension";
		};
		TUI001 /* VoiceFlowUITests */ = {
			isa = PBXNativeTarget;
			buildConfigurationList = CUICFG /* Build configuration list for PBXNativeTarget "VoiceFlowUITests" */;
			buildPhases = (
				SUI001 /* Sources */,
				FUI001 /* Frameworks */,
				RUI001 /* Resources */,
			);
			buildRules = (
			);
			dependencies = (
				DEPUI01 /* PBXTargetDependency */,
			);
			name = VoiceFlowUITests;
			productName = VoiceFlowUITests;
			productReference = PUIREF /* VoiceFlowUITests.xctest */;
			productType = "com.apple.product-type.bundle.ui-testing";
		};
/* End PBXNativeTarget section */

/* Begin PBXProject section */
		PR1001 /* Project object */ = {
			isa = PBXProject;
			attributes = {
				BuildIndependentTargetsInParallel = 1;
				LastSwiftUpdateCheck = 1500;
				LastUpgradeCheck = 1500;
				TargetAttributes = {
					T10001 = {
						CreatedOnToolsVersion = 15.0;
					};
					T20001 = {
						CreatedOnToolsVersion = 15.0;
					};
				};
			};
			buildConfigurationList = C10001 /* Build configuration list for PBXProject "VoiceFlow" */;
			compatibilityVersion = "Xcode 14.0";
			developmentRegion = en;
			hasScannedForEncodings = 0;
			knownRegions = (
				en,
				Base,
			);
			mainGroup = G10001;
			productRefGroup = G10005 /* Products */;
			projectDirPath = "";
			projectRoot = "";
			targets = (
				T10001 /* VoiceFlow */,
				T20001 /* VoiceFlowKeyboard */,
				9215CC5051E8B00408ECB108 /* VoiceFlowTests */,
				TUI001 /* VoiceFlowUITests */,
			);
		};
/* End PBXProject section */

/* Begin PBXResourcesBuildPhase section */
		2B9C2DEA49CC19DD85FCF5ED /* Resources */ = {
			isa = PBXResourcesBuildPhase;
			buildActionMask = 2147483647;
			files = (
			);
			runOnlyForDeploymentPostprocessing = 0;
		};
		R10001 /* Resources */ = {
			isa = PBXResourcesBuildPhase;
			buildActionMask = 2147483647;
			files = (
				A10010 /* Assets.xcassets in Resources */,
			);
			runOnlyForDeploymentPostprocessing = 0;
		};
		R20001 /* Resources */ = {
			isa = PBXResourcesBuildPhase;
			buildActionMask = 2147483647;
			files = (
			);
			runOnlyForDeploymentPostprocessing = 0;
		};
		RUI001 /* Resources */ = {
			isa = PBXResourcesBuildPhase;
			buildActionMask = 2147483647;
			files = (
			);
			runOnlyForDeploymentPostprocessing = 0;
		};
/* End PBXResourcesBuildPhase section */

/* Begin PBXShellScriptBuildPhase section */
		SP1001 /* Copy Variant Resources */ = {
			isa = PBXShellScriptBuildPhase;
			buildActionMask = 2147483647;
			files = (
			);
			inputFileListPaths = (
			);
			inputPaths = (
			);
			name = "Copy Variant Resources";
			outputFileListPaths = (
			);
			outputPaths = (
			);
			runOnlyForDeploymentPostprocessing = 0;
			shellPath = /bin/sh;
			shellScript = "\"${PROJECT_DIR}/Configurations/Scripts/copy-variant-resources.sh\"\n";
		};
/* End PBXShellScriptBuildPhase section */

/* Begin PBXSourcesBuildPhase section */
		5BB06E9403C4197F7BD6315F /* Sources */ = {
			isa = PBXSourcesBuildPhase;
			buildActionMask = 2147483647;
			files = (
				75FB3A37B0EE2579AB9BDF5D /* ElevenLabsServiceTests.swift in Sources */,
				D7A2E3AADC50C896F1997695 /* STTSettingsTests.swift in Sources */,
				CDEAA6816C6EF65667D25B42 /* SharedDataHandlerTests.swift in Sources */,
				16434A020173C05A4119FA8D /* SummarizeSettingsTests.swift in Sources */,
				090D78AB659C19289EE49415 /* WhisperKitServiceTests.swift in Sources */,
				7158A907A5FC78E7469D623A /* HapticServiceTests.swift in Sources */,
				96A6CE3BBAAAC732C3131D34 /* AudioPlayerTests.swift in Sources */,
				C90823A1D8C895FF8139FA99 /* ProviderSelectionTests.swift in Sources */,
			);
			runOnlyForDeploymentPostprocessing = 0;
		};
		S10001 /* Sources */ = {
			isa = PBXSourcesBuildPhase;
			buildActionMask = 2147483647;
			files = (
				A10001 /* VoiceFlowApp.swift in Sources */,
				A10002 /* ContentView.swift in Sources */,
				A10003 /* Config.swift in Sources */,
				A10004 /* OpenAIService.swift in Sources */,
				A10005 /* AudioRecorder.swift in Sources */,
				A10006 /* AudioPlayer.swift in Sources */,
				A10007 /* TranscribeView.swift in Sources */,
				A10008 /* SpeakView.swift in Sources */,
				A10009 /* SummarizeView.swift in Sources */,
				611A8DCE398675FA07A0131A /* Theme.swift in Sources */,
				A10011 /* TranscriptionRecord.swift in Sources */,
				A10012 /* TTSRecord.swift in Sources */,
				A10013 /* SummaryRecord.swift in Sources */,
				A10014 /* KeychainService.swift in Sources */,
				A10015 /* ServiceProvider.swift in Sources */,
				A10016 /* SettingsView.swift in Sources */,
				A10017 /* BrandConfiguration.swift in Sources */,
				A10018 /* SharedDataHandler.swift in Sources */,
				A10019 /* HapticService.swift in Sources */,
				A10020 /* ElevenLabsService.swift in Sources */,
				A10021 /* WhisperKitService.swift in Sources */,
				A10022 /* SummarizeSettings.swift in Sources */,
				A10023 /* ToastView.swift in Sources */,
				A10030 /* APIKeyHelper.swift in Sources */,
				A10031 /* PremiumButton.swift in Sources */,
				A10032 /* SectionHeader.swift in Sources */,
				A10033 /* EmptyStateView.swift in Sources */,
				A10034 /* RecordingIndicator.swift in Sources */,
				A10035 /* AudioPlaybackBar.swift in Sources */,
			);
			runOnlyForDeploymentPostprocessing = 0;
		};
		S20001 /* Sources */ = {
			isa = PBXSourcesBuildPhase;
			buildActionMask = 2147483647;
			files = (
				A20001 /* KeyboardViewController.swift in Sources */,
				A20002 /* KeychainService.swift in Sources */,
				A20003 /* Config.swift in Sources */,
				A20030 /* APIKeyHelper.swift in Sources */,
			);
			runOnlyForDeploymentPostprocessing = 0;
		};
		SUI001 /* Sources */ = {
			isa = PBXSourcesBuildPhase;
			buildActionMask = 2147483647;
			files = (
				UI0001 /* VoiceFlowUITests.swift in Sources */,
			);
			runOnlyForDeploymentPostprocessing = 0;
		};
/* End PBXSourcesBuildPhase section */

/* Begin PBXTargetDependency section */
		6A85A14DA2E2A87993EF9FE0 /* PBXTargetDependency */ = {
			isa = PBXTargetDependency;
			name = VoiceFlow;
			target = T10001 /* VoiceFlow */;
			targetProxy = 2F9106E0073E1585B1F17E32 /* PBXContainerItemProxy */;
		};
		DEP2001 /* PBXTargetDependency */ = {
			isa = PBXTargetDependency;
			target = T20001 /* VoiceFlowKeyboard */;
			targetProxy = CIP2001 /* PBXContainerItemProxy */;
		};
		DEPUI01 /* PBXTargetDependency */ = {
			isa = PBXTargetDependency;
			target = T10001 /* VoiceFlow */;
			targetProxy = CIPUI01 /* PBXContainerItemProxy */;
		};
/* End PBXTargetDependency section */

/* Begin XCBuildConfiguration section */
		9DA1EEE57F95B0A880B873A0 /* Release */ = {
			isa = XCBuildConfiguration;
			buildSettings = {
				BUNDLE_LOADER = "$(TEST_HOST)";
				CLANG_ENABLE_OBJC_WEAK = NO;
				CODE_SIGNING_ALLOWED = NO;
				GENERATE_INFOPLIST_FILE = YES;
				INFOPLIST_FILE = "";
				IPHONEOS_DEPLOYMENT_TARGET = 17.0;
				PRODUCT_BUNDLE_IDENTIFIER = com.lubodev.voiceflow.tests;
				PRODUCT_MODULE_NAME = VoiceFlowTests;
				PRODUCT_NAME = VoiceFlowTests;
				SDKROOT = iphoneos;
				SWIFT_VERSION = 5.0;
				TEST_HOST = "$(BUILT_PRODUCTS_DIR)/VoiceFlow.app/$(BUNDLE_EXECUTABLE_FOLDER_PATH)/VoiceFlow";
				VALIDATE_PRODUCT = YES;
			};
			name = Release;
		};
		BC1001 /* Debug */ = {
			isa = XCBuildConfiguration;
			baseConfigurationReference = XCC001 /* Debug.xcconfig */;
			buildSettings = {
				ALWAYS_SEARCH_USER_PATHS = NO;
				CLANG_ANALYZER_NONNULL = YES;
				CLANG_CXX_LANGUAGE_STANDARD = "gnu++20";
				CLANG_ENABLE_MODULES = YES;
				CLANG_ENABLE_OBJC_ARC = YES;
				COPY_PHASE_STRIP = NO;
				ENABLE_STRICT_OBJC_MSGSEND = YES;
				GCC_DYNAMIC_NO_PIC = NO;
				GCC_OPTIMIZATION_LEVEL = 0;
				GCC_WARN_64_TO_32_BIT_CONVERSION = YES;
				GCC_WARN_ABOUT_RETURN_TYPE = YES_ERROR;
				GCC_WARN_UNINITIALIZED_AUTOS = YES_AGGRESSIVE;
				GCC_WARN_UNUSED_FUNCTION = YES;
				GCC_WARN_UNUSED_VARIABLE = YES;
				MTL_ENABLE_DEBUG_INFO = INCLUDE_SOURCE;
				MTL_FAST_MATH = YES;
			};
			name = Debug;
		};
		BC1002 /* Release */ = {
			isa = XCBuildConfiguration;
			baseConfigurationReference = XCC002 /* Release.xcconfig */;
			buildSettings = {
				ALWAYS_SEARCH_USER_PATHS = NO;
				CLANG_ANALYZER_NONNULL = YES;
				CLANG_CXX_LANGUAGE_STANDARD = "gnu++20";
				CLANG_ENABLE_MODULES = YES;
				CLANG_ENABLE_OBJC_ARC = YES;
				COPY_PHASE_STRIP = NO;
				ENABLE_STRICT_OBJC_MSGSEND = YES;
				GCC_WARN_64_TO_32_BIT_CONVERSION = YES;
				GCC_WARN_ABOUT_RETURN_TYPE = YES_ERROR;
				GCC_WARN_UNINITIALIZED_AUTOS = YES_AGGRESSIVE;
				GCC_WARN_UNUSED_FUNCTION = YES;
				GCC_WARN_UNUSED_VARIABLE = YES;
				MTL_FAST_MATH = YES;
				SWIFT_COMPILATION_MODE = wholemodule;
			};
			name = Release;
		};
		BC1003 /* Debug */ = {
			isa = XCBuildConfiguration;
			buildSettings = {
				ASSETCATALOG_COMPILER_GLOBAL_ACCENT_COLOR_NAME = AccentColor;
				CODE_SIGN_ENTITLEMENTS = VoiceFlow/VoiceFlow.entitlements;
				LD_RUNPATH_SEARCH_PATHS = (
					"$(inherited)",
					"@executable_path/Frameworks",
				);
				SWIFT_EMIT_LOC_STRINGS = YES;
			};
			name = Debug;
		};
		BC1004 /* Release */ = {
			isa = XCBuildConfiguration;
			buildSettings = {
				ASSETCATALOG_COMPILER_GLOBAL_ACCENT_COLOR_NAME = AccentColor;
				CODE_SIGN_ENTITLEMENTS = VoiceFlow/VoiceFlow.entitlements;
				LD_RUNPATH_SEARCH_PATHS = (
					"$(inherited)",
					"@executable_path/Frameworks",
				);
				SWIFT_EMIT_LOC_STRINGS = YES;
			};
			name = Release;
		};
		BC2003 /* Debug */ = {
			isa = XCBuildConfiguration;
			buildSettings = {
				CODE_SIGN_ENTITLEMENTS = VoiceFlowKeyboard/VoiceFlowKeyboard.entitlements;
				CODE_SIGN_STYLE = Automatic;
				CURRENT_PROJECT_VERSION = 128;
				DEVELOPMENT_TEAM = 79NK8S894T;
				GENERATE_INFOPLIST_FILE = YES;
				INFOPLIST_FILE = VoiceFlowKeyboard/Info.plist;
				INFOPLIST_KEY_CFBundleDisplayName = VoiceFlowKeyboard;
				INFOPLIST_KEY_NSMicrophoneUsageDescription = "VoiceFlow keyboard needs microphone access for voice transcription.";
				LD_RUNPATH_SEARCH_PATHS = (
					"$(inherited)",
					"@executable_path/Frameworks",
					"@executable_path/../../Frameworks",
				);
				MARKETING_VERSION = 1.0;
				PRODUCT_BUNDLE_IDENTIFIER = com.lubodev.voiceflow.keyboard;
				PRODUCT_NAME = "$(TARGET_NAME)";
				SKIP_INSTALL = YES;
				SWIFT_EMIT_LOC_STRINGS = YES;
				SWIFT_VERSION = 5.0;
				TARGETED_DEVICE_FAMILY = "1,2";
			};
			name = Debug;
		};
		BC2004 /* Release */ = {
			isa = XCBuildConfiguration;
			buildSettings = {
				CODE_SIGN_ENTITLEMENTS = VoiceFlowKeyboard/VoiceFlowKeyboard.entitlements;
				CODE_SIGN_STYLE = Automatic;
				CURRENT_PROJECT_VERSION = 128;
				DEVELOPMENT_TEAM = 79NK8S894T;
				GENERATE_INFOPLIST_FILE = YES;
				INFOPLIST_FILE = VoiceFlowKeyboard/Info.plist;
				INFOPLIST_KEY_CFBundleDisplayName = VoiceFlowKeyboard;
				INFOPLIST_KEY_NSMicrophoneUsageDescription = "VoiceFlow keyboard needs microphone access for voice transcription.";
				LD_RUNPATH_SEARCH_PATHS = (
					"$(inherited)",
					"@executable_path/Frameworks",
					"@executable_path/../../Frameworks",
				);
				MARKETING_VERSION = 1.0;
				PRODUCT_BUNDLE_IDENTIFIER = com.lubodev.voiceflow.keyboard;
				PRODUCT_NAME = "$(TARGET_NAME)";
				SKIP_INSTALL = YES;
				SWIFT_EMIT_LOC_STRINGS = YES;
				SWIFT_VERSION = 5.0;
				TARGETED_DEVICE_FAMILY = "1,2";
			};
			name = Release;
		};
		E21FA937CBB333EAE24D15CB /* Debug */ = {
			isa = XCBuildConfiguration;
			buildSettings = {
				BUNDLE_LOADER = "$(TEST_HOST)";
				CLANG_ENABLE_OBJC_WEAK = NO;
				CODE_SIGNING_ALLOWED = NO;
				GENERATE_INFOPLIST_FILE = YES;
				INFOPLIST_FILE = "";
				IPHONEOS_DEPLOYMENT_TARGET = 17.0;
				PRODUCT_BUNDLE_IDENTIFIER = com.lubodev.voiceflow.tests;
				PRODUCT_MODULE_NAME = VoiceFlowTests;
				PRODUCT_NAME = VoiceFlowTests;
				SDKROOT = iphoneos;
				SWIFT_VERSION = 5.0;
				TEST_HOST = "$(BUILT_PRODUCTS_DIR)/VoiceFlow.app/$(BUNDLE_EXECUTABLE_FOLDER_PATH)/VoiceFlow";
			};
			name = Debug;
		};
		BCUI01 /* Debug */ = {
			isa = XCBuildConfiguration;
			buildSettings = {
				CODE_SIGNING_ALLOWED = NO;
				GENERATE_INFOPLIST_FILE = YES;
				IPHONEOS_DEPLOYMENT_TARGET = 17.0;
				PRODUCT_BUNDLE_IDENTIFIER = com.lubodev.voiceflow.uitests;
				PRODUCT_MODULE_NAME = VoiceFlowUITests;
				PRODUCT_NAME = VoiceFlowUITests;
				SDKROOT = iphoneos;
				SWIFT_VERSION = 5.0;
				TEST_TARGET_NAME = VoiceFlow;
			};
			name = Debug;
		};
		BCUI02 /* Release */ = {
			isa = XCBuildConfiguration;
			buildSettings = {
				CODE_SIGNING_ALLOWED = NO;
				GENERATE_INFOPLIST_FILE = YES;
				IPHONEOS_DEPLOYMENT_TARGET = 17.0;
				PRODUCT_BUNDLE_IDENTIFIER = com.lubodev.voiceflow.uitests;
				PRODUCT_MODULE_NAME = VoiceFlowUITests;
				PRODUCT_NAME = VoiceFlowUITests;
				SDKROOT = iphoneos;
				SWIFT_VERSION = 5.0;
				TEST_TARGET_NAME = VoiceFlow;
				VALIDATE_PRODUCT = YES;
			};
			name = Release;
		};
/* End XCBuildConfiguration section */

/* Begin XCConfigurationList section */
		05237242BD039828B9972D08 /* Build configuration list for PBXNativeTarget "VoiceFlowTests" */ = {
			isa = XCConfigurationList;
			buildConfigurations = (
				9DA1EEE57F95B0A880B873A0 /* Release */,
				E21FA937CBB333EAE24D15CB /* Debug */,
			);
			defaultConfigurationIsVisible = 0;
			defaultConfigurationName = Release;
		};
		C10001 /* Build configuration list for PBXProject "VoiceFlow" */ = {
			isa = XCConfigurationList;
			buildConfigurations = (
				BC1001 /* Debug */,
				BC1002 /* Release */,
			);
			defaultConfigurationIsVisible = 0;
			defaultConfigurationName = Release;
		};
		C10003 /* Build configuration list for PBXNativeTarget "VoiceFlow" */ = {
			isa = XCConfigurationList;
			buildConfigurations = (
				BC1003 /* Debug */,
				BC1004 /* Release */,
			);
			defaultConfigurationIsVisible = 0;
			defaultConfigurationName = Release;
		};
		C20003 /* Build configuration list for PBXNativeTarget "VoiceFlowKeyboard" */ = {
			isa = XCConfigurationList;
			buildConfigurations = (
				BC2003 /* Debug */,
				BC2004 /* Release */,
			);
			defaultConfigurationIsVisible = 0;
			defaultConfigurationName = Release;
		};
		CUICFG /* Build configuration list for PBXNativeTarget "VoiceFlowUITests" */ = {
			isa = XCConfigurationList;
			buildConfigurations = (
				BCUI01 /* Debug */,
				BCUI02 /* Release */,
			);
			defaultConfigurationIsVisible = 0;
			defaultConfigurationName = Release;
		};
/* End XCConfigurationList section */
	};
	rootObject = PR1001 /* Project object */;
}
